
Microsoft Visual Studio Solution File, Format Version 12.00
# Visual Studio Version 17
VisualStudioVersion = 17.9.34723.18
MinimumVisualStudioVersion = 10.0.40219.1
Project("{FAE04EC0-301F-11D3-BF4B-00C04F79EFBC}") = "FileUploadAPI", "FileUploadAPI\FileUploadAPI.csproj", "{DDF2AA66-2D54-4C66-96B1-49274AA5FF33}"
EndProject
Global
	GlobalSection(SolutionConfigurationPlatforms) = preSolution
		Debug|Any CPU = Debug|Any CPU
		Release|Any CPU = Release|Any CPU
	EndGlobalSection
	GlobalSection(ProjectConfigurationPlatforms) = postSolution
		{DDF2AA66-2D54-4C66-96B1-49274AA5FF33}.Debug|Any CPU.ActiveCfg = Debug|Any CPU
		{DDF2AA66-2D54-4C66-96B1-49274AA5FF33}.Debug|Any CPU.Build.0 = Debug|Any CPU
		{DDF2AA66-2D54-4C66-96B1-49274AA5FF33}.Release|Any CPU.ActiveCfg = Release|Any CPU
		{DDF2AA66-2D54-4C66-96B1-49274AA5FF33}.Release|Any CPU.Build.0 = Release|Any CPU
	EndGlobalSection
	GlobalSection(SolutionProperties) = preSolution
		HideSolutionNode = FALSE
	EndGlobalSection
	GlobalSection(ExtensibilityGlobals) = postSolution
		SolutionGuid = {CDC45A31-E474-4F6F-9486-FB4D8275F733}
	EndGlobalSection
EndGlobal
